
Microsoft Visual Studio Solution File, Format Version 12.00
# Visual Studio Version 16
VisualStudioVersion = 16.0.31624.102
MinimumVisualStudioVersion = 10.0.40219.1
Project("{FAE04EC0-301F-11D3-BF4B-00C04F79EFBC}") = "Zadacha2", "Zadacha2.csproj", "{27700BB7-B588-47DB-9B58-A879E86108DD}"
EndProject
Global
	GlobalSection(SolutionConfigurationPlatforms) = preSolution
		Debug|Any CPU = Debug|Any CPU
		Release|Any CPU = Release|Any CPU
	EndGlobalSection
	GlobalSection(ProjectConfigurationPlatforms) = postSolution
		{27700BB7-B588-47DB-9B58-A879E86108DD}.Debug|Any CPU.ActiveCfg = Debug|Any CPU
		{27700BB7-B588-47DB-9B58-A879E86108DD}.Debug|Any CPU.Build.0 = Debug|Any CPU
		{27700BB7-B588-47DB-9B58-A879E86108DD}.Release|Any CPU.ActiveCfg = Release|Any CPU
		{27700BB7-B588-47DB-9B58-A879E86108DD}.Release|Any CPU.Build.0 = Release|Any CPU
	EndGlobalSection
	GlobalSection(SolutionProperties) = preSolution
		HideSolutionNode = FALSE
	EndGlobalSection
	GlobalSection(ExtensibilityGlobals) = postSolution
		SolutionGuid = {4FB6F933-123A-4550-81B5-16B5061F199F}
	EndGlobalSection
EndGlobal
