
Microsoft Visual Studio Solution File, Format Version 12.00
# Visual Studio Version 16
VisualStudioVersion = 16.0.31624.102
MinimumVisualStudioVersion = 10.0.40219.1
Project("{FAE04EC0-301F-11D3-BF4B-00C04F79EFBC}") = "Zadacha6", "Zadacha6.csproj", "{16A614FF-77CA-442B-8B22-38AD4C3E135A}"
EndProject
Global
	GlobalSection(SolutionConfigurationPlatforms) = preSolution
		Debug|Any CPU = Debug|Any CPU
		Release|Any CPU = Release|Any CPU
	EndGlobalSection
	GlobalSection(ProjectConfigurationPlatforms) = postSolution
		{16A614FF-77CA-442B-8B22-38AD4C3E135A}.Debug|Any CPU.ActiveCfg = Debug|Any CPU
		{16A614FF-77CA-442B-8B22-38AD4C3E135A}.Debug|Any CPU.Build.0 = Debug|Any CPU
		{16A614FF-77CA-442B-8B22-38AD4C3E135A}.Release|Any CPU.ActiveCfg = Release|Any CPU
		{16A614FF-77CA-442B-8B22-38AD4C3E135A}.Release|Any CPU.Build.0 = Release|Any CPU
	EndGlobalSection
	GlobalSection(SolutionProperties) = preSolution
		HideSolutionNode = FALSE
	EndGlobalSection
	GlobalSection(ExtensibilityGlobals) = postSolution
		SolutionGuid = {907C0E2D-DC9E-47FE-B676-B27590C884BB}
	EndGlobalSection
EndGlobal
