
Microsoft Visual Studio Solution File, Format Version 12.00
# Visual Studio Version 16
VisualStudioVersion = 16.0.31624.102
MinimumVisualStudioVersion = 10.0.40219.1
Project("{FAE04EC0-301F-11D3-BF4B-00C04F79EFBC}") = "Zadacha5", "Zadacha5.csproj", "{46D67401-070E-4AD6-9524-1F221928421A}"
EndProject
Global
	GlobalSection(SolutionConfigurationPlatforms) = preSolution
		Debug|Any CPU = Debug|Any CPU
		Release|Any CPU = Release|Any CPU
	EndGlobalSection
	GlobalSection(ProjectConfigurationPlatforms) = postSolution
		{46D67401-070E-4AD6-9524-1F221928421A}.Debug|Any CPU.ActiveCfg = Debug|Any CPU
		{46D67401-070E-4AD6-9524-1F221928421A}.Debug|Any CPU.Build.0 = Debug|Any CPU
		{46D67401-070E-4AD6-9524-1F221928421A}.Release|Any CPU.ActiveCfg = Release|Any CPU
		{46D67401-070E-4AD6-9524-1F221928421A}.Release|Any CPU.Build.0 = Release|Any CPU
	EndGlobalSection
	GlobalSection(SolutionProperties) = preSolution
		HideSolutionNode = FALSE
	EndGlobalSection
	GlobalSection(ExtensibilityGlobals) = postSolution
		SolutionGuid = {4E7541C9-F6B3-427C-A3C3-4AC0F32E8725}
	EndGlobalSection
EndGlobal
